
Microsoft Visual Studio Solution File, Format Version 12.00
# Visual Studio 15
VisualStudioVersion = 15.0.26124.0
MinimumVisualStudioVersion = 15.0.26124.0
Project("{FAE04EC0-301F-11D3-BF4B-00C04F79EFBC}") = "cant-run-linqpad", "cant-run-linqpad.csproj", "{258961E8-0C1E-468C-905F-3A4D4AF31DBF}"
EndProject
Project("{FAE04EC0-301F-11D3-BF4B-00C04F79EFBC}") = "cant-run-linqpad.Core", "Core\cant-run-linqpad.Core.csproj", "{F9BB7F26-A751-4149-8DBF-DCF422E41442}"
EndProject
Global
	GlobalSection(SolutionConfigurationPlatforms) = preSolution
		Debug|Any CPU = Debug|Any CPU
		Debug|x64 = Debug|x64
		Debug|x86 = Debug|x86
		Release|Any CPU = Release|Any CPU
		Release|x64 = Release|x64
		Release|x86 = Release|x86
	EndGlobalSection
	GlobalSection(SolutionProperties) = preSolution
		HideSolutionNode = FALSE
	EndGlobalSection
	GlobalSection(ProjectConfigurationPlatforms) = postSolution
		{258961E8-0C1E-468C-905F-3A4D4AF31DBF}.Debug|Any CPU.ActiveCfg = Debug|Any CPU
		{258961E8-0C1E-468C-905F-3A4D4AF31DBF}.Debug|Any CPU.Build.0 = Debug|Any CPU
		{258961E8-0C1E-468C-905F-3A4D4AF31DBF}.Debug|x64.ActiveCfg = Debug|Any CPU
		{258961E8-0C1E-468C-905F-3A4D4AF31DBF}.Debug|x64.Build.0 = Debug|Any CPU
		{258961E8-0C1E-468C-905F-3A4D4AF31DBF}.Debug|x86.ActiveCfg = Debug|Any CPU
		{258961E8-0C1E-468C-905F-3A4D4AF31DBF}.Debug|x86.Build.0 = Debug|Any CPU
		{258961E8-0C1E-468C-905F-3A4D4AF31DBF}.Release|Any CPU.ActiveCfg = Release|Any CPU
		{258961E8-0C1E-468C-905F-3A4D4AF31DBF}.Release|Any CPU.Build.0 = Release|Any CPU
		{258961E8-0C1E-468C-905F-3A4D4AF31DBF}.Release|x64.ActiveCfg = Release|Any CPU
		{258961E8-0C1E-468C-905F-3A4D4AF31DBF}.Release|x64.Build.0 = Release|Any CPU
		{258961E8-0C1E-468C-905F-3A4D4AF31DBF}.Release|x86.ActiveCfg = Release|Any CPU
		{258961E8-0C1E-468C-905F-3A4D4AF31DBF}.Release|x86.Build.0 = Release|Any CPU
		{F9BB7F26-A751-4149-8DBF-DCF422E41442}.Debug|Any CPU.ActiveCfg = Debug|Any CPU
		{F9BB7F26-A751-4149-8DBF-DCF422E41442}.Debug|Any CPU.Build.0 = Debug|Any CPU
		{F9BB7F26-A751-4149-8DBF-DCF422E41442}.Debug|x64.ActiveCfg = Debug|Any CPU
		{F9BB7F26-A751-4149-8DBF-DCF422E41442}.Debug|x64.Build.0 = Debug|Any CPU
		{F9BB7F26-A751-4149-8DBF-DCF422E41442}.Debug|x86.ActiveCfg = Debug|Any CPU
		{F9BB7F26-A751-4149-8DBF-DCF422E41442}.Debug|x86.Build.0 = Debug|Any CPU
		{F9BB7F26-A751-4149-8DBF-DCF422E41442}.Release|Any CPU.ActiveCfg = Release|Any CPU
		{F9BB7F26-A751-4149-8DBF-DCF422E41442}.Release|Any CPU.Build.0 = Release|Any CPU
		{F9BB7F26-A751-4149-8DBF-DCF422E41442}.Release|x64.ActiveCfg = Release|Any CPU
		{F9BB7F26-A751-4149-8DBF-DCF422E41442}.Release|x64.Build.0 = Release|Any CPU
		{F9BB7F26-A751-4149-8DBF-DCF422E41442}.Release|x86.ActiveCfg = Release|Any CPU
		{F9BB7F26-A751-4149-8DBF-DCF422E41442}.Release|x86.Build.0 = Release|Any CPU
	EndGlobalSection
EndGlobal
